
Microsoft Visual Studio Solution File, Format Version 12.00
# Visual Studio Version 16
VisualStudioVersion = 16.0.32802.440
MinimumVisualStudioVersion = 10.0.40219.1
Project("{8BC9CEB8-8B4A-11D0-8D11-00A0C91BC942}") = "PPLFault", "PPLFault\PPLFault.vcxproj", "{B2E27B81-83D9-47C6-A27E-94A79D0234D7}"
	ProjectSection(ProjectDependencies) = postProject
		{48DBC3F5-99E0-4904-B83E-58419768F52E} = {48DBC3F5-99E0-4904-B83E-58419768F52E}
		{18110AF9-D47E-4E25-991C-53D692CCCDDE} = {18110AF9-D47E-4E25-991C-53D692CCCDDE}
	EndProjectSection
EndProject
Project("{8BC9CEB8-8B4A-11D0-8D11-00A0C91BC942}") = "DumpShellcode", "DumpShellcode\DumpShellcode.vcxproj", "{48DBC3F5-99E0-4904-B83E-58419768F52E}"
EndProject
Project("{8BC9CEB8-8B4A-11D0-8D11-00A0C91BC942}") = "GodFault", "GodFault\GodFault.vcxproj", "{3C206B0D-0725-4D6D-8047-BBCC6D260410}"
	ProjectSection(ProjectDependencies) = postProject
		{4AC42F11-3B8D-49FC-BD5F-341E42488630} = {4AC42F11-3B8D-49FC-BD5F-341E42488630}
		{18110AF9-D47E-4E25-991C-53D692CCCDDE} = {18110AF9-D47E-4E25-991C-53D692CCCDDE}
	EndProjectSection
EndProject
Project("{8BC9CEB8-8B4A-11D0-8D11-00A0C91BC942}") = "GMShellcode", "GMShellcode\GMShellcode.vcxproj", "{4AC42F11-3B8D-49FC-BD5F-341E42488630}"
EndProject
Project("{8BC9CEB8-8B4A-11D0-8D11-00A0C91BC942}") = "NoFault", "NoFault\NoFault.vcxproj", "{1246CAFF-A3FD-4674-B625-A4E69E15A33C}"
EndProject
Project("{2150E333-8FDC-42A3-9474-1A3956D46DE8}") = "Dumper", "Dumper", "{948E50B1-F3D3-4794-B933-82A24F230298}"
EndProject
Project("{2150E333-8FDC-42A3-9474-1A3956D46DE8}") = "GodMode", "GodMode", "{BABFCD68-33E7-45AC-B618-EB8AE29160C8}"
EndProject
Project("{2150E333-8FDC-42A3-9474-1A3956D46DE8}") = "Defense", "Defense", "{AC172BF9-B506-4E38-B29E-1B5DE351DAFE}"
EndProject
Project("{8BC9CEB8-8B4A-11D0-8D11-00A0C91BC942}") = "Utils", "Utils\Utils.vcxproj", "{18110AF9-D47E-4E25-991C-53D692CCCDDE}"
EndProject
Global
	GlobalSection(SolutionConfigurationPlatforms) = preSolution
		Debug|x64 = Debug|x64
		Release|x64 = Release|x64
	EndGlobalSection
	GlobalSection(ProjectConfigurationPlatforms) = postSolution
		{B2E27B81-83D9-47C6-A27E-94A79D0234D7}.Debug|x64.ActiveCfg = Debug|x64
		{B2E27B81-83D9-47C6-A27E-94A79D0234D7}.Debug|x64.Build.0 = Debug|x64
		{B2E27B81-83D9-47C6-A27E-94A79D0234D7}.Release|x64.ActiveCfg = Release|x64
		{B2E27B81-83D9-47C6-A27E-94A79D0234D7}.Release|x64.Build.0 = Release|x64
		{48DBC3F5-99E0-4904-B83E-58419768F52E}.Debug|x64.ActiveCfg = Debug|x64
		{48DBC3F5-99E0-4904-B83E-58419768F52E}.Debug|x64.Build.0 = Debug|x64
		{48DBC3F5-99E0-4904-B83E-58419768F52E}.Release|x64.ActiveCfg = Release|x64
		{48DBC3F5-99E0-4904-B83E-58419768F52E}.Release|x64.Build.0 = Release|x64
		{3C206B0D-0725-4D6D-8047-BBCC6D260410}.Debug|x64.ActiveCfg = Debug|x64
		{3C206B0D-0725-4D6D-8047-BBCC6D260410}.Debug|x64.Build.0 = Debug|x64
		{3C206B0D-0725-4D6D-8047-BBCC6D260410}.Release|x64.ActiveCfg = Release|x64
		{3C206B0D-0725-4D6D-8047-BBCC6D260410}.Release|x64.Build.0 = Release|x64
		{4AC42F11-3B8D-49FC-BD5F-341E42488630}.Debug|x64.ActiveCfg = Debug|x64
		{4AC42F11-3B8D-49FC-BD5F-341E42488630}.Debug|x64.Build.0 = Debug|x64
		{4AC42F11-3B8D-49FC-BD5F-341E42488630}.Release|x64.ActiveCfg = Release|x64
		{4AC42F11-3B8D-49FC-BD5F-341E42488630}.Release|x64.Build.0 = Release|x64
		{1246CAFF-A3FD-4674-B625-A4E69E15A33C}.Debug|x64.ActiveCfg = Debug|x64
		{1246CAFF-A3FD-4674-B625-A4E69E15A33C}.Debug|x64.Build.0 = Debug|x64
		{1246CAFF-A3FD-4674-B625-A4E69E15A33C}.Debug|x64.Deploy.0 = Debug|x64
		{1246CAFF-A3FD-4674-B625-A4E69E15A33C}.Release|x64.ActiveCfg = Release|x64
		{1246CAFF-A3FD-4674-B625-A4E69E15A33C}.Release|x64.Build.0 = Release|x64
		{1246CAFF-A3FD-4674-B625-A4E69E15A33C}.Release|x64.Deploy.0 = Release|x64
		{18110AF9-D47E-4E25-991C-53D692CCCDDE}.Debug|x64.ActiveCfg = Debug|x64
		{18110AF9-D47E-4E25-991C-53D692CCCDDE}.Debug|x64.Build.0 = Debug|x64
		{18110AF9-D47E-4E25-991C-53D692CCCDDE}.Release|x64.ActiveCfg = Release|x64
		{18110AF9-D47E-4E25-991C-53D692CCCDDE}.Release|x64.Build.0 = Release|x64
	EndGlobalSection
	GlobalSection(SolutionProperties) = preSolution
		HideSolutionNode = FALSE
	EndGlobalSection
	GlobalSection(NestedProjects) = preSolution
		{B2E27B81-83D9-47C6-A27E-94A79D0234D7} = {948E50B1-F3D3-4794-B933-82A24F230298}
		{48DBC3F5-99E0-4904-B83E-58419768F52E} = {948E50B1-F3D3-4794-B933-82A24F230298}
		{3C206B0D-0725-4D6D-8047-BBCC6D260410} = {BABFCD68-33E7-45AC-B618-EB8AE29160C8}
		{4AC42F11-3B8D-49FC-BD5F-341E42488630} = {BABFCD68-33E7-45AC-B618-EB8AE29160C8}
		{1246CAFF-A3FD-4674-B625-A4E69E15A33C} = {AC172BF9-B506-4E38-B29E-1B5DE351DAFE}
	EndGlobalSection
	GlobalSection(ExtensibilityGlobals) = postSolution
		SolutionGuid = {5B643C9D-2874-4864-BDF2-3A8192FA5986}
	EndGlobalSection
EndGlobal
